
Microsoft Visual Studio Solution File, Format Version 12.00
# Visual Studio Version 17
VisualStudioVersion = 17.0.31919.166
MinimumVisualStudioVersion = 10.0.40219.1
Project("{FAE04EC0-301F-11D3-BF4B-00C04F79EFBC}") = "BlogBETA", "BlogBETA\BlogBETA.csproj", "{29BF14FA-E6E2-47FC-8A89-2EC0203F80E6}"
EndProject
Global
	GlobalSection(SolutionConfigurationPlatforms) = preSolution
		Debug|Any CPU = Debug|Any CPU
		Release|Any CPU = Release|Any CPU
	EndGlobalSection
	GlobalSection(ProjectConfigurationPlatforms) = postSolution
		{29BF14FA-E6E2-47FC-8A89-2EC0203F80E6}.Debug|Any CPU.ActiveCfg = Debug|Any CPU
		{29BF14FA-E6E2-47FC-8A89-2EC0203F80E6}.Debug|Any CPU.Build.0 = Debug|Any CPU
		{29BF14FA-E6E2-47FC-8A89-2EC0203F80E6}.Release|Any CPU.ActiveCfg = Release|Any CPU
		{29BF14FA-E6E2-47FC-8A89-2EC0203F80E6}.Release|Any CPU.Build.0 = Release|Any CPU
	EndGlobalSection
	GlobalSection(SolutionProperties) = preSolution
		HideSolutionNode = FALSE
	EndGlobalSection
	GlobalSection(ExtensibilityGlobals) = postSolution
		SolutionGuid = {1A7EFB88-6345-4230-B099-91A1749A0919}
	EndGlobalSection
EndGlobal
